
Microsoft Visual Studio Solution File, Format Version 12.00
# Visual Studio Version 16
VisualStudioVersion = 16.0.30503.244
MinimumVisualStudioVersion = 10.0.40219.1
Project("{FAE04EC0-301F-11D3-BF4B-00C04F79EFBC}") = "3lab", "3lab.csproj", "{B8A80E49-AB43-44F4-BAEC-4F817A066F3E}"
EndProject
Global
	GlobalSection(SolutionConfigurationPlatforms) = preSolution
		Debug|Any CPU = Debug|Any CPU
		Release|Any CPU = Release|Any CPU
	EndGlobalSection
	GlobalSection(ProjectConfigurationPlatforms) = postSolution
		{B8A80E49-AB43-44F4-BAEC-4F817A066F3E}.Debug|Any CPU.ActiveCfg = Debug|Any CPU
		{B8A80E49-AB43-44F4-BAEC-4F817A066F3E}.Debug|Any CPU.Build.0 = Debug|Any CPU
		{B8A80E49-AB43-44F4-BAEC-4F817A066F3E}.Release|Any CPU.ActiveCfg = Release|Any CPU
		{B8A80E49-AB43-44F4-BAEC-4F817A066F3E}.Release|Any CPU.Build.0 = Release|Any CPU
	EndGlobalSection
	GlobalSection(SolutionProperties) = preSolution
		HideSolutionNode = FALSE
	EndGlobalSection
	GlobalSection(ExtensibilityGlobals) = postSolution
		SolutionGuid = {A8BABC32-7F19-42F1-83E9-A9781D98234C}
	EndGlobalSection
EndGlobal
